dependencies:
- name: mariadb
  repository: https://deltcloud.github.io/charts
  version: 2.1.3
- name: captcha
  repository: https://deltcloud.github.io/charts
  version: 0.1.0
digest: sha256:647b2775d8bdd4dde31b53572e268b4068a5ebee52204d008ab525236f9733b8
generated: 2018-01-11T16:03:49.065824505+08:00
